Microsoft Visual Studio Solution File, Format Version 11.00
# Visual Studio 2008

Project("{AA146443-D4A6-7230-79A1-226D87AB2B22}") = "Itens---a-Multiplayer-Arcade", "Assembly-CSharp.csproj", "{4CFA7B9D-7D9A-A61F-F56D-E6809ACCEE01}"
EndProject
Global
	GlobalSection(SolutionConfigurationPlatforms) = preSolution
		Debug|Any CPU = Debug|Any CPU
		Release|Any CPU = Release|Any CPU
	EndGlobalSection
	GlobalSection(ProjectConfigurationPlatforms) = postSolution
		{4CFA7B9D-7D9A-A61F-F56D-E6809ACCEE01}.Debug|Any CPU.ActiveCfg = Debug|Any CPU
		{4CFA7B9D-7D9A-A61F-F56D-E6809ACCEE01}.Debug|Any CPU.Build.0 = Debug|Any CPU
		{4CFA7B9D-7D9A-A61F-F56D-E6809ACCEE01}.Release|Any CPU.ActiveCfg = Release|Any CPU
		{4CFA7B9D-7D9A-A61F-F56D-E6809ACCEE01}.Release|Any CPU.Build.0 = Release|Any CPU
	EndGlobalSection
	GlobalSection(SolutionProperties) = preSolution
		HideSolutionNode = FALSE
	EndGlobalSection
	GlobalSection(MonoDevelopProperties) = preSolution
		StartupItem = Assembly-CSharp.csproj
	EndGlobalSection
EndGlobal
